
Microsoft Visual Studio Solution File, Format Version 12.00
# Visual Studio 15
VisualStudioVersion = 15.0.27130.2026
MinimumVisualStudioVersion = 10.0.40219.1
Project("{9A19103F-16F7-4668-BE54-9A1E7A4F7556}") = "BusinessServiceAnalyzer", "BusinessServiceAnalyzer\BusinessServiceAnalyzer.csproj", "{513053DF-9ECE-437E-B57C-C39DCE9915F6}"
EndProject
Project("{9A19103F-16F7-4668-BE54-9A1E7A4F7556}") = "BusinessServiceAnalyzer.Tests", "BusinessServiceAnalyzer.Tests\BusinessServiceAnalyzer.Tests.csproj", "{F0CDAC17-5F07-4B41-BAC0-57F41120F408}"
EndProject
Global
	GlobalSection(SolutionConfigurationPlatforms) = preSolution
		Debug|Any CPU = Debug|Any CPU
		Release|Any CPU = Release|Any CPU
	EndGlobalSection
	GlobalSection(ProjectConfigurationPlatforms) = postSolution
		{513053DF-9ECE-437E-B57C-C39DCE9915F6}.Debug|Any CPU.ActiveCfg = Debug|Any CPU
		{513053DF-9ECE-437E-B57C-C39DCE9915F6}.Debug|Any CPU.Build.0 = Debug|Any CPU
		{513053DF-9ECE-437E-B57C-C39DCE9915F6}.Release|Any CPU.ActiveCfg = Release|Any CPU
		{513053DF-9ECE-437E-B57C-C39DCE9915F6}.Release|Any CPU.Build.0 = Release|Any CPU
		{F0CDAC17-5F07-4B41-BAC0-57F41120F408}.Debug|Any CPU.ActiveCfg = Debug|Any CPU
		{F0CDAC17-5F07-4B41-BAC0-57F41120F408}.Debug|Any CPU.Build.0 = Debug|Any CPU
		{F0CDAC17-5F07-4B41-BAC0-57F41120F408}.Release|Any CPU.ActiveCfg = Release|Any CPU
		{F0CDAC17-5F07-4B41-BAC0-57F41120F408}.Release|Any CPU.Build.0 = Release|Any CPU
	EndGlobalSection
	GlobalSection(SolutionProperties) = preSolution
		HideSolutionNode = FALSE
	EndGlobalSection
	GlobalSection(ExtensibilityGlobals) = postSolution
		SolutionGuid = {1A7493B8-6492-448A-8032-1C550C46AB2C}
	EndGlobalSection
EndGlobal
